// !$*UTF8*$!
{
	archiveVersion = 1;
	classes = {
	};
	objectVersion = 55;
	objects = {

/* Begin PBXBuildFile section */
		2FC583E73057672103A75023 /* Pods_DemoFWTest.framework in Frameworks */ = {isa = PBXBuildFile; fileRef = 030210EC8798D1B200D8CF7E /* Pods_DemoFWTest.framework */; };
		E143922227D9CF9E00BCD301 /* AppDelegate.swift in Sources */ = {isa = PBXBuildFile; fileRef = E143922127D9CF9E00BCD301 /* AppDelegate.swift */; };
		E143922427D9CF9E00BCD301 /* SceneDelegate.swift in Sources */ = {isa = PBXBuildFile; fileRef = E143922327D9CF9E00BCD301 /* SceneDelegate.swift */; };
		E143922627D9CF9E00BCD301 /* ViewController.swift in Sources */ = {isa = PBXBuildFile; fileRef = E143922527D9CF9E00BCD301 /* ViewController.swift */; };
		E143922927D9CF9E00BCD301 /* Main.storyboard in Resources */ = {isa = PBXBuildFile; fileRef = E143922727D9CF9E00BCD301 /* Main.storyboard */; };
		E143922B27D9CFA100BCD301 /* Assets.xcassets in Resources */ = {isa = PBXBuildFile; fileRef = E143922A27D9CFA100BCD301 /* Assets.xcassets */; };
		E143922E27D9CFA100BCD301 /* LaunchScreen.storyboard in Resources */ = {isa = PBXBuildFile; fileRef = E143922C27D9CFA100BCD301 /* LaunchScreen.storyboard */; };
		F41142DA2B7913270050CCD3 /* SDKLauncherViewController.swift in Sources */ = {isa = PBXBuildFile; fileRef = F41142D92B7913270050CCD3 /* SDKLauncherViewController.swift */; };
/* End PBXBuildFile section */

/* Begin PBXCopyFilesBuildPhase section */
		F4ABBBC72B77C3BF00A325D4 /* Embed Frameworks */ = {
			isa = PBXCopyFilesBuildPhase;
			buildActionMask = 2147483647;
			dstPath = "";
			dstSubfolderSpec = 10;
			files = (
			);
			name = "Embed Frameworks";
			runOnlyForDeploymentPostprocessing = 0;
		};
/* End PBXCopyFilesBuildPhase section */

/* Begin PBXFileReference section */
		030210EC8798D1B200D8CF7E /* Pods_DemoFWTest.framework */ = {isa = PBXFileReference; explicitFileType = wrapper.framework; includeInIndex = 0; path = Pods_DemoFWTest.framework; sourceTree = BUILT_PRODUCTS_DIR; };
		9592C3ACF3D06D7340A23997 /* Pods-DemoFWTest.release.xcconfig */ = {isa = PBXFileReference; includeInIndex = 1; lastKnownFileType = text.xcconfig; name = "Pods-DemoFWTest.release.xcconfig"; path = "Target Support Files/Pods-DemoFWTest/Pods-DemoFWTest.release.xcconfig"; sourceTree = "<group>"; };
		D03DD8C6A62D1731C78ED6BF /* Pods-DemoFWTest.debug.xcconfig */ = {isa = PBXFileReference; includeInIndex = 1; lastKnownFileType = text.xcconfig; name = "Pods-DemoFWTest.debug.xcconfig"; path = "Target Support Files/Pods-DemoFWTest/Pods-DemoFWTest.debug.xcconfig"; sourceTree = "<group>"; };
		E143921E27D9CF9E00BCD301 /* DemoFWTest.app */ = {isa = PBXFileReference; explicitFileType = wrapper.application; includeInIndex = 0; path = DemoFWTest.app; sourceTree = BUILT_PRODUCTS_DIR; };
		E143922127D9CF9E00BCD301 /* AppDelegate.swift */ = {isa = PBXFileReference; lastKnownFileType = sourcecode.swift; path = AppDelegate.swift; sourceTree = "<group>"; };
		E143922327D9CF9E00BCD301 /* SceneDelegate.swift */ = {isa = PBXFileReference; lastKnownFileType = sourcecode.swift; path = SceneDelegate.swift; sourceTree = "<group>"; };
		E143922527D9CF9E00BCD301 /* ViewController.swift */ = {isa = PBXFileReference; lastKnownFileType = sourcecode.swift; path = ViewController.swift; sourceTree = "<group>"; };
		E143922827D9CF9E00BCD301 /* Base */ = {isa = PBXFileReference; lastKnownFileType = file.storyboard; name = Base; path = Base.lproj/Main.storyboard; sourceTree = "<group>"; };
		E143922A27D9CFA100BCD301 /* Assets.xcassets */ = {isa = PBXFileReference; lastKnownFileType = folder.assetcatalog; path = Assets.xcassets; sourceTree = "<group>"; };
		E143922D27D9CFA100BCD301 /* Base */ = {isa = PBXFileReference; lastKnownFileType = file.storyboard; name = Base; path = Base.lproj/LaunchScreen.storyboard; sourceTree = "<group>"; };
		E143922F27D9CFA100BCD301 /* Info.plist */ = {isa = PBXFileReference; lastKnownFileType = text.plist.xml; path = Info.plist; sourceTree = "<group>"; };
		F41142D92B7913270050CCD3 /* SDKLauncherViewController.swift */ = {isa = PBXFileReference; lastKnownFileType = sourcecode.swift; path = SDKLauncherViewController.swift; sourceTree = "<group>"; };
/* End PBXFileReference section */

/* Begin PBXFrameworksBuildPhase section */
		E143921B27D9CF9E00BCD301 /* Frameworks */ = {
			isa = PBXFrameworksBuildPhase;
			buildActionMask = 2147483647;
			files = (
				2FC583E73057672103A75023 /* Pods_DemoFWTest.framework in Frameworks */,
			);
			runOnlyForDeploymentPostprocessing = 0;
		};
/* End PBXFrameworksBuildPhase section */

/* Begin PBXGroup section */
		388AE979103673147ACA97C0 /* Pods */ = {
			isa = PBXGroup;
			children = (
				D03DD8C6A62D1731C78ED6BF /* Pods-DemoFWTest.debug.xcconfig */,
				9592C3ACF3D06D7340A23997 /* Pods-DemoFWTest.release.xcconfig */,
			);
			path = Pods;
			sourceTree = "<group>";
		};
		B788E34AFF21839F82DC25A7 /* Frameworks */ = {
			isa = PBXGroup;
			children = (
				030210EC8798D1B200D8CF7E /* Pods_DemoFWTest.framework */,
			);
			name = Frameworks;
			sourceTree = "<group>";
		};
		E143921527D9CF9E00BCD301 = {
			isa = PBXGroup;
			children = (
				E143922027D9CF9E00BCD301 /* DemoFWTest */,
				E143921F27D9CF9E00BCD301 /* Products */,
				388AE979103673147ACA97C0 /* Pods */,
				B788E34AFF21839F82DC25A7 /* Frameworks */,
			);
			sourceTree = "<group>";
		};
		E143921F27D9CF9E00BCD301 /* Products */ = {
			isa = PBXGroup;
			children = (
				E143921E27D9CF9E00BCD301 /* DemoFWTest.app */,
			);
			name = Products;
			sourceTree = "<group>";
		};
		E143922027D9CF9E00BCD301 /* DemoFWTest */ = {
			isa = PBXGroup;
			children = (
				E143922127D9CF9E00BCD301 /* AppDelegate.swift */,
				E143922327D9CF9E00BCD301 /* SceneDelegate.swift */,
				E143922527D9CF9E00BCD301 /* ViewController.swift */,
				F41142D92B7913270050CCD3 /* SDKLauncherViewController.swift */,
				E143922727D9CF9E00BCD301 /* Main.storyboard */,
				E143922A27D9CFA100BCD301 /* Assets.xcassets */,
				E143922C27D9CFA100BCD301 /* LaunchScreen.storyboard */,
				E143922F27D9CFA100BCD301 /* Info.plist */,
			);
			path = DemoFWTest;
			sourceTree = "<group>";
		};
/* End PBXGroup section */

/* Begin PBXNativeTarget section */
		E143921D27D9CF9E00BCD301 /* DemoFWTest */ = {
			isa = PBXNativeTarget;
			buildConfigurationList = E143923227D9CFA100BCD301 /* Build configuration list for PBXNativeTarget "DemoFWTest" */;
			buildPhases = (
				2496B72CE88AB44114A199AB /* [CP] Check Pods Manifest.lock */,
				E143921A27D9CF9E00BCD301 /* Sources */,
				E143921B27D9CF9E00BCD301 /* Frameworks */,
				E143921C27D9CF9E00BCD301 /* Resources */,
				9B541E4D5532460C22481D59 /* [CP] Embed Pods Frameworks */,
				F4ABBBC72B77C3BF00A325D4 /* Embed Frameworks */,
			);
			buildRules = (
			);
			dependencies = (
			);
			name = DemoFWTest;
			productName = DemoFWTest;
			productReference = E143921E27D9CF9E00BCD301 /* DemoFWTest.app */;
			productType = "com.apple.product-type.application";
		};
/* End PBXNativeTarget section */

/* Begin PBXProject section */
		E143921627D9CF9E00BCD301 /* Project object */ = {
			isa = PBXProject;
			attributes = {
				BuildIndependentTargetsInParallel = 1;
				LastSwiftUpdateCheck = 1320;
				LastUpgradeCheck = 1520;
				TargetAttributes = {
					E143921D27D9CF9E00BCD301 = {
						CreatedOnToolsVersion = 13.2.1;
					};
				};
			};
			buildConfigurationList = E143921927D9CF9E00BCD301 /* Build configuration list for PBXProject "DemoFWTest" */;
			compatibilityVersion = "Xcode 13.0";
			developmentRegion = en;
			hasScannedForEncodings = 0;
			knownRegions = (
				en,
				Base,
			);
			mainGroup = E143921527D9CF9E00BCD301;
			productRefGroup = E143921F27D9CF9E00BCD301 /* Products */;
			projectDirPath = "";
			projectRoot = "";
			targets = (
				E143921D27D9CF9E00BCD301 /* DemoFWTest */,
			);
		};
/* End PBXProject section */

/* Begin PBXResourcesBuildPhase section */
		E143921C27D9CF9E00BCD301 /* Resources */ = {
			isa = PBXResourcesBuildPhase;
			buildActionMask = 2147483647;
			files = (
				E143922E27D9CFA100BCD301 /* LaunchScreen.storyboard in Resources */,
				E143922B27D9CFA100BCD301 /* Assets.xcassets in Resources */,
				E143922927D9CF9E00BCD301 /* Main.storyboard in Resources */,
			);
			runOnlyForDeploymentPostprocessing = 0;
		};
/* End PBXResourcesBuildPhase section */

/* Begin PBXShellScriptBuildPhase section */
		2496B72CE88AB44114A199AB /* [CP] Check Pods Manifest.lock */ = {
			isa = PBXShellScriptBuildPhase;
			buildActionMask = 2147483647;
			files = (
			);
			inputFileListPaths = (
			);
			inputPaths = (
				"${PODS_PODFILE_DIR_PATH}/Podfile.lock",
				"${PODS_ROOT}/Manifest.lock",
			);
			name = "[CP] Check Pods Manifest.lock";
			outputFileListPaths = (
			);
			outputPaths = (
				"$(DERIVED_FILE_DIR)/Pods-DemoFWTest-checkManifestLockResult.txt",
			);
			runOnlyForDeploymentPostprocessing = 0;
			shellPath = /bin/sh;
			shellScript = "diff \"${PODS_PODFILE_DIR_PATH}/Podfile.lock\" \"${PODS_ROOT}/Manifest.lock\" > /dev/null\nif [ $? != 0 ] ; then\n    # print error to STDERR\n    echo \"error: The sandbox is not in sync with the Podfile.lock. Run 'pod install' or update your CocoaPods installation.\" >&2\n    exit 1\nfi\n# This output is used by Xcode 'outputs' to avoid re-running this script phase.\necho \"SUCCESS\" > \"${SCRIPT_OUTPUT_FILE_0}\"\n";
			showEnvVarsInLog = 0;
		};
		9B541E4D5532460C22481D59 /* [CP] Embed Pods Frameworks */ = {
			isa = PBXShellScriptBuildPhase;
			buildActionMask = 2147483647;
			files = (
			);
			inputFileListPaths = (
				"${PODS_ROOT}/Target Support Files/Pods-DemoFWTest/Pods-DemoFWTest-frameworks-${CONFIGURATION}-input-files.xcfilelist",
			);
			name = "[CP] Embed Pods Frameworks";
			outputFileListPaths = (
				"${PODS_ROOT}/Target Support Files/Pods-DemoFWTest/Pods-DemoFWTest-frameworks-${CONFIGURATION}-output-files.xcfilelist",
			);
			runOnlyForDeploymentPostprocessing = 0;
			shellPath = /bin/sh;
			shellScript = "\"${PODS_ROOT}/Target Support Files/Pods-DemoFWTest/Pods-DemoFWTest-frameworks.sh\"\n";
			showEnvVarsInLog = 0;
		};
/* End PBXShellScriptBuildPhase section */

/* Begin PBXSourcesBuildPhase section */
		E143921A27D9CF9E00BCD301 /* Sources */ = {
			isa = PBXSourcesBuildPhase;
			buildActionMask = 2147483647;
			files = (
				E143922627D9CF9E00BCD301 /* ViewController.swift in Sources */,
				F41142DA2B7913270050CCD3 /* SDKLauncherViewController.swift in Sources */,
				E143922227D9CF9E00BCD301 /* AppDelegate.swift in Sources */,
				E143922427D9CF9E00BCD301 /* SceneDelegate.swift in Sources */,
			);
			runOnlyForDeploymentPostprocessing = 0;
		};
/* End PBXSourcesBuildPhase section */

/* Begin PBXVariantGroup section */
		E143922727D9CF9E00BCD301 /* Main.storyboard */ = {
			isa = PBXVariantGroup;
			children = (
				E143922827D9CF9E00BCD301 /* Base */,
			);
			name = Main.storyboard;
			sourceTree = "<group>";
		};
		E143922C27D9CFA100BCD301 /* LaunchScreen.storyboard */ = {
			isa = PBXVariantGroup;
			children = (
				E143922D27D9CFA100BCD301 /* Base */,
			);
			name = LaunchScreen.storyboard;
			sourceTree = "<group>";
		};
/* End PBXVariantGroup section */

/* Begin XCBuildConfiguration section */
		E143923027D9CFA100BCD301 /* Debug */ = {
			isa = XCBuildConfiguration;
			buildSettings = {
				ALWAYS_SEARCH_USER_PATHS = NO;
				CLANG_ANALYZER_NONNULL = YES;
				CLANG_ANALYZER_NUMBER_OBJECT_CONVERSION = YES_AGGRESSIVE;
				CLANG_CXX_LANGUAGE_STANDARD = "gnu++17";
				CLANG_CXX_LIBRARY = "libc++";
				CLANG_ENABLE_MODULES = YES;
				CLANG_ENABLE_OBJC_ARC = YES;
				CLANG_ENABLE_OBJC_WEAK = YES;
				CLANG_WARN_BLOCK_CAPTURE_AUTORELEASING = YES;
				CLANG_WARN_BOOL_CONVERSION = YES;
				CLANG_WARN_COMMA = YES;
				CLANG_WARN_CONSTANT_CONVERSION = YES;
				CLANG_WARN_DEPRECATED_OBJC_IMPLEMENTATIONS = YES;
				CLANG_WARN_DIRECT_OBJC_ISA_USAGE = YES_ERROR;
				CLANG_WARN_DOCUMENTATION_COMMENTS = YES;
				CLANG_WARN_EMPTY_BODY = YES;
				CLANG_WARN_ENUM_CONVERSION = YES;
				CLANG_WARN_INFINITE_RECURSION = YES;
				CLANG_WARN_INT_CONVERSION = YES;
				CLANG_WARN_NON_LITERAL_NULL_CONVERSION = YES;
				CLANG_WARN_OBJC_IMPLICIT_RETAIN_SELF = YES;
				CLANG_WARN_OBJC_LITERAL_CONVERSION = YES;
				CLANG_WARN_OBJC_ROOT_CLASS = YES_ERROR;
				CLANG_WARN_QUOTED_INCLUDE_IN_FRAMEWORK_HEADER = YES;
				CLANG_WARN_RANGE_LOOP_ANALYSIS = YES;
				CLANG_WARN_STRICT_PROTOTYPES = YES;
				CLANG_WARN_SUSPICIOUS_MOVE = YES;
				CLANG_WARN_UNGUARDED_AVAILABILITY = YES_AGGRESSIVE;
				CLANG_WARN_UNREACHABLE_CODE = YES;
				CLANG_WARN__DUPLICATE_METHOD_MATCH = YES;
				COPY_PHASE_STRIP = NO;
				DEBUG_INFORMATION_FORMAT = dwarf;
				ENABLE_STRICT_OBJC_MSGSEND = YES;
				ENABLE_TESTABILITY = YES;
				ENABLE_USER_SCRIPT_SANDBOXING = YES;
				GCC_C_LANGUAGE_STANDARD = gnu11;
				GCC_DYNAMIC_NO_PIC = NO;
				GCC_NO_COMMON_BLOCKS = YES;
				GCC_OPTIMIZATION_LEVEL = 0;
				GCC_PREPROCESSOR_DEFINITIONS = (
					"DEBUG=1",
					"$(inherited)",
				);
				GCC_WARN_64_TO_32_BIT_CONVERSION = YES;
				GCC_WARN_ABOUT_RETURN_TYPE = YES_ERROR;
				GCC_WARN_UNDECLARED_SELECTOR = YES;
				GCC_WARN_UNINITIALIZED_AUTOS = YES_AGGRESSIVE;
				GCC_WARN_UNUSED_FUNCTION = YES;
				GCC_WARN_UNUSED_VARIABLE = YES;
				IPHONEOS_DEPLOYMENT_TARGET = 13.0;
				MTL_ENABLE_DEBUG_INFO = INCLUDE_SOURCE;
				MTL_FAST_MATH = YES;
				ONLY_ACTIVE_ARCH = YES;
				SDKROOT = iphoneos;
				SWIFT_ACTIVE_COMPILATION_CONDITIONS = DEBUG;
				SWIFT_OPTIMIZATION_LEVEL = "-Onone";
			};
			name = Debug;
		};
		E143923127D9CFA100BCD301 /* Release */ = {
			isa = XCBuildConfiguration;
			buildSettings = {
				ALWAYS_SEARCH_USER_PATHS = NO;
				CLANG_ANALYZER_NONNULL = YES;
				CLANG_ANALYZER_NUMBER_OBJECT_CONVERSION = YES_AGGRESSIVE;
				CLANG_CXX_LANGUAGE_STANDARD = "gnu++17";
				CLANG_CXX_LIBRARY = "libc++";
				CLANG_ENABLE_MODULES = YES;
				CLANG_ENABLE_OBJC_ARC = YES;
				CLANG_ENABLE_OBJC_WEAK = YES;
				CLANG_WARN_BLOCK_CAPTURE_AUTORELEASING = YES;
				CLANG_WARN_BOOL_CONVERSION = YES;
				CLANG_WARN_COMMA = YES;
				CLANG_WARN_CONSTANT_CONVERSION = YES;
				CLANG_WARN_DEPRECATED_OBJC_IMPLEMENTATIONS = YES;
				CLANG_WARN_DIRECT_OBJC_ISA_USAGE = YES_ERROR;
				CLANG_WARN_DOCUMENTATION_COMMENTS = YES;
				CLANG_WARN_EMPTY_BODY = YES;
				CLANG_WARN_ENUM_CONVERSION = YES;
				CLANG_WARN_INFINITE_RECURSION = YES;
				CLANG_WARN_INT_CONVERSION = YES;
				CLANG_WARN_NON_LITERAL_NULL_CONVERSION = YES;
				CLANG_WARN_OBJC_IMPLICIT_RETAIN_SELF = YES;
				CLANG_WARN_OBJC_LITERAL_CONVERSION = YES;
				CLANG_WARN_OBJC_ROOT_CLASS = YES_ERROR;
				CLANG_WARN_QUOTED_INCLUDE_IN_FRAMEWORK_HEADER = YES;
				CLANG_WARN_RANGE_LOOP_ANALYSIS = YES;
				CLANG_WARN_STRICT_PROTOTYPES = YES;
				CLANG_WARN_SUSPICIOUS_MOVE = YES;
				CLANG_WARN_UNGUARDED_AVAILABILITY = YES_AGGRESSIVE;
				CLANG_WARN_UNREACHABLE_CODE = YES;
				CLANG_WARN__DUPLICATE_METHOD_MATCH = YES;
				COPY_PHASE_STRIP = NO;
				DEBUG_INFORMATION_FORMAT = "dwarf-with-dsym";
				ENABLE_NS_ASSERTIONS = NO;
				ENABLE_STRICT_OBJC_MSGSEND = YES;
				ENABLE_USER_SCRIPT_SANDBOXING = YES;
				GCC_C_LANGUAGE_STANDARD = gnu11;
				GCC_NO_COMMON_BLOCKS = YES;
				GCC_WARN_64_TO_32_BIT_CONVERSION = YES;
				GCC_WARN_ABOUT_RETURN_TYPE = YES_ERROR;
				GCC_WARN_UNDECLARED_SELECTOR = YES;
				GCC_WARN_UNINITIALIZED_AUTOS = YES_AGGRESSIVE;
				GCC_WARN_UNUSED_FUNCTION = YES;
				GCC_WARN_UNUSED_VARIABLE = YES;
				IPHONEOS_DEPLOYMENT_TARGET = 13.0;
				MTL_ENABLE_DEBUG_INFO = NO;
				MTL_FAST_MATH = YES;
				SDKROOT = iphoneos;
				SWIFT_COMPILATION_MODE = wholemodule;
				SWIFT_OPTIMIZATION_LEVEL = "-O";
				VALIDATE_PRODUCT = YES;
			};
			name = Release;
		};
		E143923327D9CFA100BCD301 /* Debug */ = {
			isa = XCBuildConfiguration;
			baseConfigurationReference = D03DD8C6A62D1731C78ED6BF /* Pods-DemoFWTest.debug.xcconfig */;
			buildSettings = {
				ASSETCATALOG_COMPILER_APPICON_NAME = AppIcon;
				ASSETCATALOG_COMPILER_GLOBAL_ACCENT_COLOR_NAME = AccentColor;
				CODE_SIGN_STYLE = Automatic;
				CURRENT_PROJECT_VERSION = 1;
				DEVELOPMENT_TEAM = CHACMP5889;
				ENABLE_USER_SCRIPT_SANDBOXING = NO;
				GENERATE_INFOPLIST_FILE = YES;
				INFOPLIST_FILE = DemoFWTest/Info.plist;
				INFOPLIST_KEY_UIApplicationSupportsIndirectInputEvents = YES;
				INFOPLIST_KEY_UILaunchStoryboardName = LaunchScreen;
				INFOPLIST_KEY_UIMainStoryboardFile = Main;
				INFOPLIST_KEY_UISupportedInterfaceOrientations_iPad = "UIInterfaceOrientationPortrait UIInterfaceOrientationPortraitUpsideDown UIInterfaceOrientationLandscapeLeft UIInterfaceOrientationLandscapeRight";
				INFOPLIST_KEY_UISupportedInterfaceOrientations_iPhone = "UIInterfaceOrientationPortrait UIInterfaceOrientationLandscapeLeft UIInterfaceOrientationLandscapeRight";
				INFOPLIST_KEY_UIUserInterfaceStyle = Light;
				IPHONEOS_DEPLOYMENT_TARGET = 13.0;
				LD_RUNPATH_SEARCH_PATHS = (
					"$(inherited)",
					"@executable_path/Frameworks",
				);
				MARKETING_VERSION = 1.0.1;
				PRODUCT_BUNDLE_IDENTIFIER = com.loylty.DemoFWTest;
				PRODUCT_NAME = "$(TARGET_NAME)";
				SWIFT_EMIT_LOC_STRINGS = YES;
				SWIFT_VERSION = 5.0;
				TARGETED_DEVICE_FAMILY = "1,2";
			};
			name = Debug;
		};
		E143923427D9CFA100BCD301 /* Release */ = {
			isa = XCBuildConfiguration;
			baseConfigurationReference = 9592C3ACF3D06D7340A23997 /* Pods-DemoFWTest.release.xcconfig */;
			buildSettings = {
				ASSETCATALOG_COMPILER_APPICON_NAME = AppIcon;
				ASSETCATALOG_COMPILER_GLOBAL_ACCENT_COLOR_NAME = AccentColor;
				CODE_SIGN_STYLE = Automatic;
				CURRENT_PROJECT_VERSION = 1;
				DEVELOPMENT_TEAM = CHACMP5889;
				ENABLE_USER_SCRIPT_SANDBOXING = NO;
				GENERATE_INFOPLIST_FILE = YES;
				INFOPLIST_FILE = DemoFWTest/Info.plist;
				INFOPLIST_KEY_UIApplicationSupportsIndirectInputEvents = YES;
				INFOPLIST_KEY_UILaunchStoryboardName = LaunchScreen;
				INFOPLIST_KEY_UIMainStoryboardFile = Main;
				INFOPLIST_KEY_UISupportedInterfaceOrientations_iPad = "UIInterfaceOrientationPortrait UIInterfaceOrientationPortraitUpsideDown UIInterfaceOrientationLandscapeLeft UIInterfaceOrientationLandscapeRight";
				INFOPLIST_KEY_UISupportedInterfaceOrientations_iPhone = "UIInterfaceOrientationPortrait UIInterfaceOrientationLandscapeLeft UIInterfaceOrientationLandscapeRight";
				INFOPLIST_KEY_UIUserInterfaceStyle = Light;
				IPHONEOS_DEPLOYMENT_TARGET = 13.0;
				LD_RUNPATH_SEARCH_PATHS = (
					"$(inherited)",
					"@executable_path/Frameworks",
				);
				MARKETING_VERSION = 1.0.1;
				PRODUCT_BUNDLE_IDENTIFIER = com.loylty.DemoFWTest;
				PRODUCT_NAME = "$(TARGET_NAME)";
				SWIFT_EMIT_LOC_STRINGS = YES;
				SWIFT_VERSION = 5.0;
				TARGETED_DEVICE_FAMILY = "1,2";
			};
			name = Release;
		};
/* End XCBuildConfiguration section */

/* Begin XCConfigurationList section */
		E143921927D9CF9E00BCD301 /* Build configuration list for PBXProject "DemoFWTest" */ = {
			isa = XCConfigurationList;
			buildConfigurations = (
				E143923027D9CFA100BCD301 /* Debug */,
				E143923127D9CFA100BCD301 /* Release */,
			);
			defaultConfigurationIsVisible = 0;
			defaultConfigurationName = Release;
		};
		E143923227D9CFA100BCD301 /* Build configuration list for PBXNativeTarget "DemoFWTest" */ = {
			isa = XCConfigurationList;
			buildConfigurations = (
				E143923327D9CFA100BCD301 /* Debug */,
				E143923427D9CFA100BCD301 /* Release */,
			);
			defaultConfigurationIsVisible = 0;
			defaultConfigurationName = Release;
		};
/* End XCConfigurationList section */
	};
	rootObject = E143921627D9CF9E00BCD301 /* Project object */;
}
